// !$*UTF8*$!
{
	archiveVersion = 1;
	classes = {
	};
	objectVersion = 55;
	objects = {

/* Begin PBXBuildFile section */
		270A2FEF28448811007C6B55 /* FirebaseAuth in Frameworks */ = {isa = PBXBuildFile; productRef = 270A2FEE28448811007C6B55 /* FirebaseAuth */; };
		274B603F2843ECE600348848 /* AppDelegate.swift in Sources */ = {isa = PBXBuildFile; fileRef = 274B603E2843ECE600348848 /* AppDelegate.swift */; };
		274B60412843ECE600348848 /* SceneDelegate.swift in Sources */ = {isa = PBXBuildFile; fileRef = 274B60402843ECE600348848 /* SceneDelegate.swift */; };
		274B60432843ECE600348848 /* SignUpViewController.swift in Sources */ = {isa = PBXBuildFile; fileRef = 274B60422843ECE600348848 /* SignUpViewController.swift */; };
		274B60462843ECE600348848 /* Main.storyboard in Resources */ = {isa = PBXBuildFile; fileRef = 274B60442843ECE600348848 /* Main.storyboard */; };
		274B60482843ECEF00348848 /* Assets.xcassets in Resources */ = {isa = PBXBuildFile; fileRef = 274B60472843ECEF00348848 /* Assets.xcassets */; };
		274B604B2843ECEF00348848 /* LaunchScreen.storyboard in Resources */ = {isa = PBXBuildFile; fileRef = 274B60492843ECEF00348848 /* LaunchScreen.storyboard */; };
		274B605328440B9600348848 /* GoogleService-Info.plist in Resources */ = {isa = PBXBuildFile; fileRef = 274B605228440B9600348848 /* GoogleService-Info.plist */; };
		27568CDE2847B601002E34CA /* VerificationCodeViewController.swift in Sources */ = {isa = PBXBuildFile; fileRef = 27568CDD2847B601002E34CA /* VerificationCodeViewController.swift */; };
		27568CE02847B60C002E34CA /* LogInViewController.swift in Sources */ = {isa = PBXBuildFile; fileRef = 27568CDF2847B60C002E34CA /* LogInViewController.swift */; };
		27568CE22847BB60002E34CA /* User.swift in Sources */ = {isa = PBXBuildFile; fileRef = 27568CE12847BB60002E34CA /* User.swift */; };
		27568CE52847BDFF002E34CA /* FirebaseAuth in Frameworks */ = {isa = PBXBuildFile; productRef = 27568CE42847BDFF002E34CA /* FirebaseAuth */; };
		27568CE72847BDFF002E34CA /* FirebaseDatabase in Frameworks */ = {isa = PBXBuildFile; productRef = 27568CE62847BDFF002E34CA /* FirebaseDatabase */; };
/* End PBXBuildFile section */

/* Begin PBXFileReference section */
		274B603B2843ECE600348848 /* eHealthAuthentication.app */ = {isa = PBXFileReference; explicitFileType = wrapper.application; includeInIndex = 0; path = eHealthAuthentication.app; sourceTree = BUILT_PRODUCTS_DIR; };
		274B603E2843ECE600348848 /* AppDelegate.swift */ = {isa = PBXFileReference; lastKnownFileType = sourcecode.swift; path = AppDelegate.swift; sourceTree = "<group>"; };
		274B60402843ECE600348848 /* SceneDelegate.swift */ = {isa = PBXFileReference; lastKnownFileType = sourcecode.swift; path = SceneDelegate.swift; sourceTree = "<group>"; };
		274B60422843ECE600348848 /* SignUpViewController.swift */ = {isa = PBXFileReference; lastKnownFileType = sourcecode.swift; path = SignUpViewController.swift; sourceTree = "<group>"; };
		274B60452843ECE600348848 /* Base */ = {isa = PBXFileReference; lastKnownFileType = file.storyboard; name = Base; path = Base.lproj/Main.storyboard; sourceTree = "<group>"; };
		274B60472843ECEF00348848 /* Assets.xcassets */ = {isa = PBXFileReference; lastKnownFileType = folder.assetcatalog; path = Assets.xcassets; sourceTree = "<group>"; };
		274B604A2843ECEF00348848 /* Base */ = {isa = PBXFileReference; lastKnownFileType = file.storyboard; name = Base; path = Base.lproj/LaunchScreen.storyboard; sourceTree = "<group>"; };
		274B604C2843ECEF00348848 /* Info.plist */ = {isa = PBXFileReference; lastKnownFileType = text.plist.xml; path = Info.plist; sourceTree = "<group>"; };
		274B605228440B9600348848 /* GoogleService-Info.plist */ = {isa = PBXFileReference; fileEncoding = 4; lastKnownFileType = text.plist.xml; path = "GoogleService-Info.plist"; sourceTree = "<group>"; };
		27568CDD2847B601002E34CA /* VerificationCodeViewController.swift */ = {isa = PBXFileReference; lastKnownFileType = sourcecode.swift; path = VerificationCodeViewController.swift; sourceTree = "<group>"; };
		27568CDF2847B60C002E34CA /* LogInViewController.swift */ = {isa = PBXFileReference; lastKnownFileType = sourcecode.swift; path = LogInViewController.swift; sourceTree = "<group>"; };
		27568CE12847BB60002E34CA /* User.swift */ = {isa = PBXFileReference; lastKnownFileType = sourcecode.swift; path = User.swift; sourceTree = "<group>"; };
/* End PBXFileReference section */

/* Begin PBXFrameworksBuildPhase section */
		274B60382843ECE600348848 /* Frameworks */ = {
			isa = PBXFrameworksBuildPhase;
			buildActionMask = 2147483647;
			files = (
				27568CE72847BDFF002E34CA /* FirebaseDatabase in Frameworks */,
				270A2FEF28448811007C6B55 /* FirebaseAuth in Frameworks */,
				27568CE52847BDFF002E34CA /* FirebaseAuth in Frameworks */,
			);
			runOnlyForDeploymentPostprocessing = 0;
		};
/* End PBXFrameworksBuildPhase section */

/* Begin PBXGroup section */
		274B60322843ECE600348848 = {
			isa = PBXGroup;
			children = (
				274B603D2843ECE600348848 /* eHealthAuthentication */,
				274B603C2843ECE600348848 /* Products */,
			);
			sourceTree = "<group>";
		};
		274B603C2843ECE600348848 /* Products */ = {
			isa = PBXGroup;
			children = (
				274B603B2843ECE600348848 /* eHealthAuthentication.app */,
			);
			name = Products;
			sourceTree = "<group>";
		};
		274B603D2843ECE600348848 /* eHealthAuthentication */ = {
			isa = PBXGroup;
			children = (
				274B603E2843ECE600348848 /* AppDelegate.swift */,
				274B60402843ECE600348848 /* SceneDelegate.swift */,
				274B60422843ECE600348848 /* SignUpViewController.swift */,
				274B60442843ECE600348848 /* Main.storyboard */,
				274B60472843ECEF00348848 /* Assets.xcassets */,
				274B60492843ECEF00348848 /* LaunchScreen.storyboard */,
				274B604C2843ECEF00348848 /* Info.plist */,
				274B605228440B9600348848 /* GoogleService-Info.plist */,
				27568CDD2847B601002E34CA /* VerificationCodeViewController.swift */,
				27568CDF2847B60C002E34CA /* LogInViewController.swift */,
				27568CE12847BB60002E34CA /* User.swift */,
			);
			path = eHealthAuthentication;
			sourceTree = "<group>";
		};
/* End PBXGroup section */

/* Begin PBXNativeTarget section */
		274B603A2843ECE600348848 /* eHealthAuthentication */ = {
			isa = PBXNativeTarget;
			buildConfigurationList = 274B604F2843ECEF00348848 /* Build configuration list for PBXNativeTarget "eHealthAuthentication" */;
			buildPhases = (
				274B60372843ECE600348848 /* Sources */,
				274B60382843ECE600348848 /* Frameworks */,
				274B60392843ECE600348848 /* Resources */,
			);
			buildRules = (
			);
			dependencies = (
			);
			name = eHealthAuthentication;
			packageProductDependencies = (
				270A2FEE28448811007C6B55 /* FirebaseAuth */,
				27568CE42847BDFF002E34CA /* FirebaseAuth */,
				27568CE62847BDFF002E34CA /* FirebaseDatabase */,
			);
			productName = eHealthAuthentication;
			productReference = 274B603B2843ECE600348848 /* eHealthAuthentication.app */;
			productType = "com.apple.product-type.application";
		};
/* End PBXNativeTarget section */

/* Begin PBXProject section */
		274B60332843ECE600348848 /* Project object */ = {
			isa = PBXProject;
			attributes = {
				BuildIndependentTargetsInParallel = 1;
				LastSwiftUpdateCheck = 1340;
				LastUpgradeCheck = 1340;
				TargetAttributes = {
					274B603A2843ECE600348848 = {
						CreatedOnToolsVersion = 13.4;
					};
				};
			};
			buildConfigurationList = 274B60362843ECE600348848 /* Build configuration list for PBXProject "eHealthAuthentication" */;
			compatibilityVersion = "Xcode 13.0";
			developmentRegion = en;
			hasScannedForEncodings = 0;
			knownRegions = (
				en,
				Base,
			);
			mainGroup = 274B60322843ECE600348848;
			packageReferences = (
				270A2FED28448811007C6B55 /* XCRemoteSwiftPackageReference "firebase-ios-sdk" */,
				27568CE32847BDFF002E34CA /* XCRemoteSwiftPackageReference "firebase-ios-sdk" */,
			);
			productRefGroup = 274B603C2843ECE600348848 /* Products */;
			projectDirPath = "";
			projectRoot = "";
			targets = (
				274B603A2843ECE600348848 /* eHealthAuthentication */,
			);
		};
/* End PBXProject section */

/* Begin PBXResourcesBuildPhase section */
		274B60392843ECE600348848 /* Resources */ = {
			isa = PBXResourcesBuildPhase;
			buildActionMask = 2147483647;
			files = (
				274B604B2843ECEF00348848 /* LaunchScreen.storyboard in Resources */,
				274B605328440B9600348848 /* GoogleService-Info.plist in Resources */,
				274B60482843ECEF00348848 /* Assets.xcassets in Resources */,
				274B60462843ECE600348848 /* Main.storyboard in Resources */,
			);
			runOnlyForDeploymentPostprocessing = 0;
		};
/* End PBXResourcesBuildPhase section */

/* Begin PBXSourcesBuildPhase section */
		274B60372843ECE600348848 /* Sources */ = {
			isa = PBXSourcesBuildPhase;
			buildActionMask = 2147483647;
			files = (
				27568CDE2847B601002E34CA /* VerificationCodeViewController.swift in Sources */,
				274B60432843ECE600348848 /* SignUpViewController.swift in Sources */,
				27568CE22847BB60002E34CA /* User.swift in Sources */,
				274B603F2843ECE600348848 /* AppDelegate.swift in Sources */,
				27568CE02847B60C002E34CA /* LogInViewController.swift in Sources */,
				274B60412843ECE600348848 /* SceneDelegate.swift in Sources */,
			);
			runOnlyForDeploymentPostprocessing = 0;
		};
/* End PBXSourcesBuildPhase section */

/* Begin PBXVariantGroup section */
		274B60442843ECE600348848 /* Main.storyboard */ = {
			isa = PBXVariantGroup;
			children = (
				274B60452843ECE600348848 /* Base */,
			);
			name = Main.storyboard;
			sourceTree = "<group>";
		};
		274B60492843ECEF00348848 /* LaunchScreen.storyboard */ = {
			isa = PBXVariantGroup;
			children = (
				274B604A2843ECEF00348848 /* Base */,
			);
			name = LaunchScreen.storyboard;
			sourceTree = "<group>";
		};
/* End PBXVariantGroup section */

/* Begin XCBuildConfiguration section */
		274B604D2843ECEF00348848 /* Debug */ = {
			isa = XCBuildConfiguration;
			buildSettings = {
				ALWAYS_SEARCH_USER_PATHS = NO;
				CLANG_ANALYZER_NONNULL = YES;
				CLANG_ANALYZER_NUMBER_OBJECT_CONVERSION = YES_AGGRESSIVE;
				CLANG_CXX_LANGUAGE_STANDARD = "gnu++17";
				CLANG_ENABLE_MODULES = YES;
				CLANG_ENABLE_OBJC_ARC = YES;
				CLANG_ENABLE_OBJC_WEAK = YES;
				CLANG_WARN_BLOCK_CAPTURE_AUTORELEASING = YES;
				CLANG_WARN_BOOL_CONVERSION = YES;
				CLANG_WARN_COMMA = YES;
				CLANG_WARN_CONSTANT_CONVERSION = YES;
				CLANG_WARN_DEPRECATED_OBJC_IMPLEMENTATIONS = YES;
				CLANG_WARN_DIRECT_OBJC_ISA_USAGE = YES_ERROR;
				CLANG_WARN_DOCUMENTATION_COMMENTS = YES;
				CLANG_WARN_EMPTY_BODY = YES;
				CLANG_WARN_ENUM_CONVERSION = YES;
				CLANG_WARN_INFINITE_RECURSION = YES;
				CLANG_WARN_INT_CONVERSION = YES;
				CLANG_WARN_NON_LITERAL_NULL_CONVERSION = YES;
				CLANG_WARN_OBJC_IMPLICIT_RETAIN_SELF = YES;
				CLANG_WARN_OBJC_LITERAL_CONVERSION = YES;
				CLANG_WARN_OBJC_ROOT_CLASS = YES_ERROR;
				CLANG_WARN_QUOTED_INCLUDE_IN_FRAMEWORK_HEADER = YES;
				CLANG_WARN_RANGE_LOOP_ANALYSIS = YES;
				CLANG_WARN_STRICT_PROTOTYPES = YES;
				CLANG_WARN_SUSPICIOUS_MOVE = YES;
				CLANG_WARN_UNGUARDED_AVAILABILITY = YES_AGGRESSIVE;
				CLANG_WARN_UNREACHABLE_CODE = YES;
				CLANG_WARN__DUPLICATE_METHOD_MATCH = YES;
				COPY_PHASE_STRIP = NO;
				DEBUG_INFORMATION_FORMAT = dwarf;
				ENABLE_STRICT_OBJC_MSGSEND = YES;
				ENABLE_TESTABILITY = YES;
				GCC_C_LANGUAGE_STANDARD = gnu11;
				GCC_DYNAMIC_NO_PIC = NO;
				GCC_NO_COMMON_BLOCKS = YES;
				GCC_OPTIMIZATION_LEVEL = 0;
				GCC_PREPROCESSOR_DEFINITIONS = (
					"DEBUG=1",
					"$(inherited)",
				);
				GCC_WARN_64_TO_32_BIT_CONVERSION = YES;
				GCC_WARN_ABOUT_RETURN_TYPE = YES_ERROR;
				GCC_WARN_UNDECLARED_SELECTOR = YES;
				GCC_WARN_UNINITIALIZED_AUTOS = YES_AGGRESSIVE;
				GCC_WARN_UNUSED_FUNCTION = YES;
				GCC_WARN_UNUSED_VARIABLE = YES;
				IPHONEOS_DEPLOYMENT_TARGET = 15.2;
				MTL_ENABLE_DEBUG_INFO = INCLUDE_SOURCE;
				MTL_FAST_MATH = YES;
				ONLY_ACTIVE_ARCH = YES;
				SDKROOT = iphoneos;
				SWIFT_ACTIVE_COMPILATION_CONDITIONS = DEBUG;
				SWIFT_OPTIMIZATION_LEVEL = "-Onone";
			};
			name = Debug;
		};
		274B604E2843ECEF00348848 /* Release */ = {
			isa = XCBuildConfiguration;
			buildSettings = {
				ALWAYS_SEARCH_USER_PATHS = NO;
				CLANG_ANALYZER_NONNULL = YES;
				CLANG_ANALYZER_NUMBER_OBJECT_CONVERSION = YES_AGGRESSIVE;
				CLANG_CXX_LANGUAGE_STANDARD = "gnu++17";
				CLANG_ENABLE_MODULES = YES;
				CLANG_ENABLE_OBJC_ARC = YES;
				CLANG_ENABLE_OBJC_WEAK = YES;
				CLANG_WARN_BLOCK_CAPTURE_AUTORELEASING = YES;
				CLANG_WARN_BOOL_CONVERSION = YES;
				CLANG_WARN_COMMA = YES;
				CLANG_WARN_CONSTANT_CONVERSION = YES;
				CLANG_WARN_DEPRECATED_OBJC_IMPLEMENTATIONS = YES;
				CLANG_WARN_DIRECT_OBJC_ISA_USAGE = YES_ERROR;
				CLANG_WARN_DOCUMENTATION_COMMENTS = YES;
				CLANG_WARN_EMPTY_BODY = YES;
				CLANG_WARN_ENUM_CONVERSION = YES;
				CLANG_WARN_INFINITE_RECURSION = YES;
				CLANG_WARN_INT_CONVERSION = YES;
				CLANG_WARN_NON_LITERAL_NULL_CONVERSION = YES;
				CLANG_WARN_OBJC_IMPLICIT_RETAIN_SELF = YES;
				CLANG_WARN_OBJC_LITERAL_CONVERSION = YES;
				CLANG_WARN_OBJC_ROOT_CLASS = YES_ERROR;
				CLANG_WARN_QUOTED_INCLUDE_IN_FRAMEWORK_HEADER = YES;
				CLANG_WARN_RANGE_LOOP_ANALYSIS = YES;
				CLANG_WARN_STRICT_PROTOTYPES = YES;
				CLANG_WARN_SUSPICIOUS_MOVE = YES;
				CLANG_WARN_UNGUARDED_AVAILABILITY = YES_AGGRESSIVE;
				CLANG_WARN_UNREACHABLE_CODE = YES;
				CLANG_WARN__DUPLICATE_METHOD_MATCH = YES;
				COPY_PHASE_STRIP = NO;
				DEBUG_INFORMATION_FORMAT = "dwarf-with-dsym";
				ENABLE_NS_ASSERTIONS = NO;
				ENABLE_STRICT_OBJC_MSGSEND = YES;
				GCC_C_LANGUAGE_STANDARD = gnu11;
				GCC_NO_COMMON_BLOCKS = YES;
				GCC_WARN_64_TO_32_BIT_CONVERSION = YES;
				GCC_WARN_ABOUT_RETURN_TYPE = YES_ERROR;
				GCC_WARN_UNDECLARED_SELECTOR = YES;
				GCC_WARN_UNINITIALIZED_AUTOS = YES_AGGRESSIVE;
				GCC_WARN_UNUSED_FUNCTION = YES;
				GCC_WARN_UNUSED_VARIABLE = YES;
				IPHONEOS_DEPLOYMENT_TARGET = 15.2;
				MTL_ENABLE_DEBUG_INFO = NO;
				MTL_FAST_MATH = YES;
				SDKROOT = iphoneos;
				SWIFT_COMPILATION_MODE = wholemodule;
				SWIFT_OPTIMIZATION_LEVEL = "-O";
				VALIDATE_PRODUCT = YES;
			};
			name = Release;
		};
		274B60502843ECEF00348848 /* Debug */ = {
			isa = XCBuildConfiguration;
			buildSettings = {
				ASSETCATALOG_COMPILER_APPICON_NAME = AppIcon;
				ASSETCATALOG_COMPILER_GLOBAL_ACCENT_COLOR_NAME = AccentColor;
				CODE_SIGN_STYLE = Automatic;
				CURRENT_PROJECT_VERSION = 1;
				DEVELOPMENT_TEAM = C7423QP66K;
				GENERATE_INFOPLIST_FILE = YES;
				INFOPLIST_FILE = eHealthAuthentication/Info.plist;
				INFOPLIST_KEY_UIApplicationSupportsIndirectInputEvents = YES;
				INFOPLIST_KEY_UILaunchStoryboardName = LaunchScreen;
				INFOPLIST_KEY_UIMainStoryboardFile = Main;
				INFOPLIST_KEY_UISupportedInterfaceOrientations_iPad = "UIInterfaceOrientationPortrait UIInterfaceOrientationPortraitUpsideDown UIInterfaceOrientationLandscapeLeft UIInterfaceOrientationLandscapeRight";
				INFOPLIST_KEY_UISupportedInterfaceOrientations_iPhone = "UIInterfaceOrientationPortrait UIInterfaceOrientationLandscapeLeft UIInterfaceOrientationLandscapeRight";
				LD_RUNPATH_SEARCH_PATHS = (
					"$(inherited)",
					"@executable_path/Frameworks",
				);
				MARKETING_VERSION = 1.0;
				PRODUCT_BUNDLE_IDENTIFIER = com.ioanabojinca.eHealthAuthentication;
				PRODUCT_NAME = "$(TARGET_NAME)";
				SWIFT_EMIT_LOC_STRINGS = YES;
				SWIFT_VERSION = 5.0;
				TARGETED_DEVICE_FAMILY = "1,2";
			};
			name = Debug;
		};
		274B60512843ECEF00348848 /* Release */ = {
			isa = XCBuildConfiguration;
			buildSettings = {
				ASSETCATALOG_COMPILER_APPICON_NAME = AppIcon;
				ASSETCATALOG_COMPILER_GLOBAL_ACCENT_COLOR_NAME = AccentColor;
				CODE_SIGN_STYLE = Automatic;
				CURRENT_PROJECT_VERSION = 1;
				DEVELOPMENT_TEAM = C7423QP66K;
				GENERATE_INFOPLIST_FILE = YES;
				INFOPLIST_FILE = eHealthAuthentication/Info.plist;
				INFOPLIST_KEY_UIApplicationSupportsIndirectInputEvents = YES;
				INFOPLIST_KEY_UILaunchStoryboardName = LaunchScreen;
				INFOPLIST_KEY_UIMainStoryboardFile = Main;
				INFOPLIST_KEY_UISupportedInterfaceOrientations_iPad = "UIInterfaceOrientationPortrait UIInterfaceOrientationPortraitUpsideDown UIInterfaceOrientationLandscapeLeft UIInterfaceOrientationLandscapeRight";
				INFOPLIST_KEY_UISupportedInterfaceOrientations_iPhone = "UIInterfaceOrientationPortrait UIInterfaceOrientationLandscapeLeft UIInterfaceOrientationLandscapeRight";
				LD_RUNPATH_SEARCH_PATHS = (
					"$(inherited)",
					"@executable_path/Frameworks",
				);
				MARKETING_VERSION = 1.0;
				PRODUCT_BUNDLE_IDENTIFIER = com.ioanabojinca.eHealthAuthentication;
				PRODUCT_NAME = "$(TARGET_NAME)";
				SWIFT_EMIT_LOC_STRINGS = YES;
				SWIFT_VERSION = 5.0;
				TARGETED_DEVICE_FAMILY = "1,2";
			};
			name = Release;
		};
/* End XCBuildConfiguration section */

/* Begin XCConfigurationList section */
		274B60362843ECE600348848 /* Build configuration list for PBXProject "eHealthAuthentication" */ = {
			isa = XCConfigurationList;
			buildConfigurations = (
				274B604D2843ECEF00348848 /* Debug */,
				274B604E2843ECEF00348848 /* Release */,
			);
			defaultConfigurationIsVisible = 0;
			defaultConfigurationName = Release;
		};
		274B604F2843ECEF00348848 /* Build configuration list for PBXNativeTarget "eHealthAuthentication" */ = {
			isa = XCConfigurationList;
			buildConfigurations = (
				274B60502843ECEF00348848 /* Debug */,
				274B60512843ECEF00348848 /* Release */,
			);
			defaultConfigurationIsVisible = 0;
			defaultConfigurationName = Release;
		};
/* End XCConfigurationList section */

/* Begin XCRemoteSwiftPackageReference section */
		270A2FED28448811007C6B55 /* XCRemoteSwiftPackageReference "firebase-ios-sdk" */ = {
			isa = XCRemoteSwiftPackageReference;
			repositoryURL = "https://github.com/firebase/firebase-ios-sdk";
			requirement = {
				kind = upToNextMajorVersion;
				minimumVersion = 9.0.0;
			};
		};
		27568CE32847BDFF002E34CA /* XCRemoteSwiftPackageReference "firebase-ios-sdk" */ = {
			isa = XCRemoteSwiftPackageReference;
			repositoryURL = "https://github.com/firebase/firebase-ios-sdk";
			requirement = {
				kind = upToNextMajorVersion;
				minimumVersion = 9.0.0;
			};
		};
/* End XCRemoteSwiftPackageReference section */

/* Begin XCSwiftPackageProductDependency section */
		270A2FEE28448811007C6B55 /* FirebaseAuth */ = {
			isa = XCSwiftPackageProductDependency;
			package = 270A2FED28448811007C6B55 /* XCRemoteSwiftPackageReference "firebase-ios-sdk" */;
			productName = FirebaseAuth;
		};
		27568CE42847BDFF002E34CA /* FirebaseAuth */ = {
			isa = XCSwiftPackageProductDependency;
			package = 270A2FED28448811007C6B55 /* XCRemoteSwiftPackageReference "firebase-ios-sdk" */;
			productName = FirebaseAuth;
		};
		27568CE62847BDFF002E34CA /* FirebaseDatabase */ = {
			isa = XCSwiftPackageProductDependency;
			package = 270A2FED28448811007C6B55 /* XCRemoteSwiftPackageReference "firebase-ios-sdk" */;
			productName = FirebaseDatabase;
		};
/* End XCSwiftPackageProductDependency section */
	};
	rootObject = 274B60332843ECE600348848 /* Project object */;
}
